// !$*UTF8*$!
{
	archiveVersion = 1;
	classes = {
	};
	objectVersion = 46;
	objects = {

/* Begin PBXBuildFile section */
		7568F50218E81AF800D44634 /* AFHTTPRequestOperation.m in Sources */ = {isa = PBXBuildFile; fileRef = 7568F4ED18E81AF800D44634 /* AFHTTPRequestOperation.m */; };
		7568F50318E81AF800D44634 /* AFHTTPRequestOperationManager.m in Sources */ = {isa = PBXBuildFile; fileRef = 7568F4EF18E81AF800D44634 /* AFHTTPRequestOperationManager.m */; };
		7568F50418E81AF800D44634 /* AFHTTPSessionManager.m in Sources */ = {isa = PBXBuildFile; fileRef = 7568F4F118E81AF800D44634 /* AFHTTPSessionManager.m */; };
		7568F50518E81AF800D44634 /* AFNetworkReachabilityManager.m in Sources */ = {isa = PBXBuildFile; fileRef = 7568F4F418E81AF800D44634 /* AFNetworkReachabilityManager.m */; };
		7568F50618E81AF800D44634 /* AFSecurityPolicy.m in Sources */ = {isa = PBXBuildFile; fileRef = 7568F4F618E81AF800D44634 /* AFSecurityPolicy.m */; };
		7568F50718E81AF800D44634 /* AFURLConnectionOperation.m in Sources */ = {isa = PBXBuildFile; fileRef = 7568F4F818E81AF800D44634 /* AFURLConnectionOperation.m */; };
		7568F50818E81AF800D44634 /* AFURLRequestSerialization.m in Sources */ = {isa = PBXBuildFile; fileRef = 7568F4FA18E81AF800D44634 /* AFURLRequestSerialization.m */; };
		7568F50918E81AF800D44634 /* AFURLResponseSerialization.m in Sources */ = {isa = PBXBuildFile; fileRef = 7568F4FC18E81AF800D44634 /* AFURLResponseSerialization.m */; };
		7568F50A18E81AF800D44634 /* AFURLSessionManager.m in Sources */ = {isa = PBXBuildFile; fileRef = 7568F4FE18E81AF800D44634 /* AFURLSessionManager.m */; };
		7568F50B18E81AF800D44634 /* sendgrid.m in Sources */ = {isa = PBXBuildFile; fileRef = 7568F50118E81AF800D44634 /* sendgrid.m */; };
		7568F50C18E82A9F00D44634 /* Parse.framework in Frameworks */ = {isa = PBXBuildFile; fileRef = 7522C24418E8029E00A8F496 /* Parse.framework */; };
		E569012A18E82F0F00138C85 /* HistoryTableViewController.m in Sources */ = {isa = PBXBuildFile; fileRef = E569012918E82F0F00138C85 /* HistoryTableViewController.m */; };
		E5E1C25418E66A08007CC6E6 /* Foundation.framework in Frameworks */ = {isa = PBXBuildFile; fileRef = E5E1C25318E66A08007CC6E6 /* Foundation.framework */; };
		E5E1C25618E66A08007CC6E6 /* CoreGraphics.framework in Frameworks */ = {isa = PBXBuildFile; fileRef = E5E1C25518E66A08007CC6E6 /* CoreGraphics.framework */; };
		E5E1C25818E66A08007CC6E6 /* UIKit.framework in Frameworks */ = {isa = PBXBuildFile; fileRef = E5E1C25718E66A08007CC6E6 /* UIKit.framework */; };
		E5E1C25E18E66A08007CC6E6 /* InfoPlist.strings in Resources */ = {isa = PBXBuildFile; fileRef = E5E1C25C18E66A08007CC6E6 /* InfoPlist.strings */; };
		E5E1C26018E66A08007CC6E6 /* main.m in Sources */ = {isa = PBXBuildFile; fileRef = E5E1C25F18E66A08007CC6E6 /* main.m */; };
		E5E1C26418E66A08007CC6E6 /* AppDelegate.m in Sources */ = {isa = PBXBuildFile; fileRef = E5E1C26318E66A08007CC6E6 /* AppDelegate.m */; };
		E5E1C26618E66A08007CC6E6 /* Images.xcassets in Resources */ = {isa = PBXBuildFile; fileRef = E5E1C26518E66A08007CC6E6 /* Images.xcassets */; };
		E5E1C26D18E66A08007CC6E6 /* XCTest.framework in Frameworks */ = {isa = PBXBuildFile; fileRef = E5E1C26C18E66A08007CC6E6 /* XCTest.framework */; };
		E5E1C26E18E66A08007CC6E6 /* Foundation.framework in Frameworks */ = {isa = PBXBuildFile; fileRef = E5E1C25318E66A08007CC6E6 /* Foundation.framework */; };
		E5E1C26F18E66A08007CC6E6 /* UIKit.framework in Frameworks */ = {isa = PBXBuildFile; fileRef = E5E1C25718E66A08007CC6E6 /* UIKit.framework */; };
		E5E1C27718E66A08007CC6E6 /* InfoPlist.strings in Resources */ = {isa = PBXBuildFile; fileRef = E5E1C27518E66A08007CC6E6 /* InfoPlist.strings */; };
		E5E1C27918E66A08007CC6E6 /* HackPrincetonTests.m in Sources */ = {isa = PBXBuildFile; fileRef = E5E1C27818E66A08007CC6E6 /* HackPrincetonTests.m */; };
		E5E1C28318E6706C007CC6E6 /* Main.storyboard in Resources */ = {isa = PBXBuildFile; fileRef = E5E1C28218E6706C007CC6E6 /* Main.storyboard */; };
		E5E1C28718E67976007CC6E6 /* AudioToolbox.framework in Frameworks */ = {isa = PBXBuildFile; fileRef = E5E1C28618E67976007CC6E6 /* AudioToolbox.framework */; };
		E5E1C28918E6797D007CC6E6 /* CFNetwork.framework in Frameworks */ = {isa = PBXBuildFile; fileRef = E5E1C28818E6797D007CC6E6 /* CFNetwork.framework */; };
		E5E1C28B18E6798D007CC6E6 /* CoreLocation.framework in Frameworks */ = {isa = PBXBuildFile; fileRef = E5E1C28A18E6798D007CC6E6 /* CoreLocation.framework */; };
		E5E1C28D18E67995007CC6E6 /* libz.dylib in Frameworks */ = {isa = PBXBuildFile; fileRef = E5E1C28C18E67995007CC6E6 /* libz.dylib */; };
		E5E1C28F18E6799D007CC6E6 /* MobileCoreServices.framework in Frameworks */ = {isa = PBXBuildFile; fileRef = E5E1C28E18E6799D007CC6E6 /* MobileCoreServices.framework */; };
		E5E1C29118E679A5007CC6E6 /* QuartzCore.framework in Frameworks */ = {isa = PBXBuildFile; fileRef = E5E1C29018E679A5007CC6E6 /* QuartzCore.framework */; };
		E5E1C29318E679AB007CC6E6 /* Security.framework in Frameworks */ = {isa = PBXBuildFile; fileRef = E5E1C29218E679AB007CC6E6 /* Security.framework */; };
		E5E1C29518E679B1007CC6E6 /* StoreKit.framework in Frameworks */ = {isa = PBXBuildFile; fileRef = E5E1C29418E679B1007CC6E6 /* StoreKit.framework */; };
		E5E1C29718E679BA007CC6E6 /* SystemConfiguration.framework in Frameworks */ = {isa = PBXBuildFile; fileRef = E5E1C29618E679BA007CC6E6 /* SystemConfiguration.framework */; };
		E5E1C29A18E67D3C007CC6E6 /* RegisterViewController.m in Sources */ = {isa = PBXBuildFile; fileRef = E5E1C29918E67D3C007CC6E6 /* RegisterViewController.m */; };
		E5E1C29D18E6A1E1007CC6E6 /* EditProfileViewController.m in Sources */ = {isa = PBXBuildFile; fileRef = E5E1C29C18E6A1E1007CC6E6 /* EditProfileViewController.m */; };
		E5E1C2A018E6A31E007CC6E6 /* LoginViewController.m in Sources */ = {isa = PBXBuildFile; fileRef = E5E1C29F18E6A31E007CC6E6 /* LoginViewController.m */; };
		E5E1C2A218E6A980007CC6E6 /* libz.1.1.3.dylib in Frameworks */ = {isa = PBXBuildFile; fileRef = E5E1C2A118E6A980007CC6E6 /* libz.1.1.3.dylib */; };
		E5E1C2BF18E77F02007CC6E6 /* MyTableController.m in Sources */ = {isa = PBXBuildFile; fileRef = E5E1C2BE18E77F02007CC6E6 /* MyTableController.m */; };
		E5E1C2C218E7E471007CC6E6 /* SimpleTableViewController.m in Sources */ = {isa = PBXBuildFile; fileRef = E5E1C2C118E7E471007CC6E6 /* SimpleTableViewController.m */; };
		E5E1C2C518E7F9A8007CC6E6 /* CanvasViewController.m in Sources */ = {isa = PBXBuildFile; fileRef = E5E1C2C418E7F9A8007CC6E6 /* CanvasViewController.m */; };
		E5E1C2CB18E7FA16007CC6E6 /* ACEDrawingTools.m in Sources */ = {isa = PBXBuildFile; fileRef = E5E1C2C818E7FA16007CC6E6 /* ACEDrawingTools.m */; };
		E5E1C2CC18E7FA16007CC6E6 /* ACEDrawingView.m in Sources */ = {isa = PBXBuildFile; fileRef = E5E1C2CA18E7FA16007CC6E6 /* ACEDrawingView.m */; };
		E5E1C2F018E7FAC7007CC6E6 /* alpha.png in Resources */ = {isa = PBXBuildFile; fileRef = E5E1C2CE18E7FAC7007CC6E6 /* alpha.png */; };
		E5E1C2F118E7FAC7007CC6E6 /* br_next.png in Resources */ = {isa = PBXBuildFile; fileRef = E5E1C2CF18E7FAC7007CC6E6 /* br_next.png */; };
		E5E1C2F218E7FAC7007CC6E6 /* br_prev.png in Resources */ = {isa = PBXBuildFile; fileRef = E5E1C2D018E7FAC7007CC6E6 /* br_prev.png */; };
		E5E1C2F318E7FAC7007CC6E6 /* brain.png in Resources */ = {isa = PBXBuildFile; fileRef = E5E1C2D118E7FAC7007CC6E6 /* brain.png */; };
		E5E1C2F418E7FAC7007CC6E6 /* cc.png in Resources */ = {isa = PBXBuildFile; fileRef = E5E1C2D218E7FAC7007CC6E6 /* cc.png */; };
		E5E1C2F518E7FAC7007CC6E6 /* colour_picker.png in Resources */ = {isa = PBXBuildFile; fileRef = E5E1C2D318E7FAC7007CC6E6 /* colour_picker.png */; };
		E5E1C2F618E7FAC7007CC6E6 /* contact.png in Resources */ = {isa = PBXBuildFile; fileRef = E5E1C2D418E7FAC7007CC6E6 /* contact.png */; };
		E5E1C2F718E7FAC7007CC6E6 /* ellipse_unfilled.png in Resources */ = {isa = PBXBuildFile; fileRef = E5E1C2D518E7FAC7007CC6E6 /* ellipse_unfilled.png */; };
		E5E1C2F818E7FAC7007CC6E6 /* ellipse.png in Resources */ = {isa = PBXBuildFile; fileRef = E5E1C2D618E7FAC7007CC6E6 /* ellipse.png */; };
		E5E1C2F918E7FAC7007CC6E6 /* email.png in Resources */ = {isa = PBXBuildFile; fileRef = E5E1C2D718E7FAC7007CC6E6 /* email.png */; };
		E5E1C2FA18E7FAC7007CC6E6 /* eraser.png in Resources */ = {isa = PBXBuildFile; fileRef = E5E1C2D818E7FAC7007CC6E6 /* eraser.png */; };
		E5E1C2FB18E7FAC7007CC6E6 /* floppy_disk.png in Resources */ = {isa = PBXBuildFile; fileRef = E5E1C2D918E7FAC7007CC6E6 /* floppy_disk.png */; };
		E5E1C2FC18E7FAC7007CC6E6 /* gnome_media_record.png in Resources */ = {isa = PBXBuildFile; fileRef = E5E1C2DA18E7FAC7007CC6E6 /* gnome_media_record.png */; };
		E5E1C2FD18E7FAC7007CC6E6 /* layer_transparent.png in Resources */ = {isa = PBXBuildFile; fileRef = E5E1C2DB18E7FAC7007CC6E6 /* layer_transparent.png */; };
		E5E1C2FE18E7FAC7007CC6E6 /* line_width.png in Resources */ = {isa = PBXBuildFile; fileRef = E5E1C2DC18E7FAC7007CC6E6 /* line_width.png */; };
		E5E1C2FF18E7FAC7007CC6E6 /* line.png in Resources */ = {isa = PBXBuildFile; fileRef = E5E1C2DD18E7FAC7007CC6E6 /* line.png */; };
		E5E1C30018E7FAC7007CC6E6 /* media_play.png in Resources */ = {isa = PBXBuildFile; fileRef = E5E1C2DE18E7FAC7007CC6E6 /* media_play.png */; };
		E5E1C30118E7FAC7007CC6E6 /* media_record.png in Resources */ = {isa = PBXBuildFile; fileRef = E5E1C2DF18E7FAC7007CC6E6 /* media_record.png */; };
		E5E1C30218E7FAC7007CC6E6 /* media_stop.png in Resources */ = {isa = PBXBuildFile; fileRef = E5E1C2E018E7FAC7007CC6E6 /* media_stop.png */; };
		E5E1C30318E7FAC7007CC6E6 /* menu.png in Resources */ = {isa = PBXBuildFile; fileRef = E5E1C2E118E7FAC7007CC6E6 /* menu.png */; };
		E5E1C30418E7FAC7007CC6E6 /* pause.png in Resources */ = {isa = PBXBuildFile; fileRef = E5E1C2E218E7FAC7007CC6E6 /* pause.png */; };
		E5E1C30518E7FAC7007CC6E6 /* pencil.png in Resources */ = {isa = PBXBuildFile; fileRef = E5E1C2E318E7FAC7007CC6E6 /* pencil.png */; };
		E5E1C30618E7FAC7007CC6E6 /* photo.png in Resources */ = {isa = PBXBuildFile; fileRef = E5E1C2E418E7FAC7007CC6E6 /* photo.png */; };
		E5E1C30718E7FAC7007CC6E6 /* plus.png in Resources */ = {isa = PBXBuildFile; fileRef = E5E1C2E518E7FAC7007CC6E6 /* plus.png */; };
		E5E1C30818E7FAC7007CC6E6 /* rectangle_unfilled.png in Resources */ = {isa = PBXBuildFile; fileRef = E5E1C2E618E7FAC7007CC6E6 /* rectangle_unfilled.png */; };
		E5E1C30918E7FAC7007CC6E6 /* rectangle.png in Resources */ = {isa = PBXBuildFile; fileRef = E5E1C2E718E7FAC7007CC6E6 /* rectangle.png */; };
		E5E1C30A18E7FAC7007CC6E6 /* redo.png in Resources */ = {isa = PBXBuildFile; fileRef = E5E1C2E818E7FAC7007CC6E6 /* redo.png */; };
		E5E1C30B18E7FAC7007CC6E6 /* rotate.png in Resources */ = {isa = PBXBuildFile; fileRef = E5E1C2E918E7FAC7007CC6E6 /* rotate.png */; };
		E5E1C30C18E7FAC7007CC6E6 /* round_checkmark.png in Resources */ = {isa = PBXBuildFile; fileRef = E5E1C2EA18E7FAC7007CC6E6 /* round_checkmark.png */; };
		E5E1C30D18E7FAC7007CC6E6 /* round_minus.png in Resources */ = {isa = PBXBuildFile; fileRef = E5E1C2EB18E7FAC7007CC6E6 /* round_minus.png */; };
		E5E1C30E18E7FAC7007CC6E6 /* save_file.png in Resources */ = {isa = PBXBuildFile; fileRef = E5E1C2EC18E7FAC7007CC6E6 /* save_file.png */; };
		E5E1C30F18E7FAC7007CC6E6 /* sound.png in Resources */ = {isa = PBXBuildFile; fileRef = E5E1C2ED18E7FAC7007CC6E6 /* sound.png */; };
		E5E1C31018E7FAC7007CC6E6 /* stop.png in Resources */ = {isa = PBXBuildFile; fileRef = E5E1C2EE18E7FAC7007CC6E6 /* stop.png */; };
		E5E1C31118E7FAC7007CC6E6 /* undo.png in Resources */ = {isa = PBXBuildFile; fileRef = E5E1C2EF18E7FAC7007CC6E6 /* undo.png */; };
/* End PBXBuildFile section */

/* Begin PBXContainerItemProxy section */
		E5E1C27018E66A08007CC6E6 /* PBXContainerItemProxy */ = {
			isa = PBXContainerItemProxy;
			containerPortal = E5E1C24818E66A08007CC6E6 /* Project object */;
			proxyType = 1;
			remoteGlobalIDString = E5E1C24F18E66A08007CC6E6;
			remoteInfo = HackPrinceton;
		};
/* End PBXContainerItemProxy section */

/* Begin PBXFileReference section */
		7522C24418E8029E00A8F496 /* Parse.framework */ = {isa = PBXFileReference; lastKnownFileType = wrapper.framework; name = Parse.framework; path = ../../../Desktop/Parse.framework; sourceTree = "<group>"; };
		7568F4EC18E81AF800D44634 /* AFHTTPRequestOperation.h */ = {isa = PBXFileReference; fileEncoding = 4; lastKnownFileType = sourcecode.c.h; path = AFHTTPRequestOperation.h; sourceTree = "<group>"; };
		7568F4ED18E81AF800D44634 /* AFHTTPRequestOperation.m */ = {isa = PBXFileReference; fileEncoding = 4; lastKnownFileType = sourcecode.c.objc; path = AFHTTPRequestOperation.m; sourceTree = "<group>"; };
		7568F4EE18E81AF800D44634 /* AFHTTPRequestOperationManager.h */ = {isa = PBXFileReference; fileEncoding = 4; lastKnownFileType = sourcecode.c.h; path = AFHTTPRequestOperationManager.h; sourceTree = "<group>"; };
		7568F4EF18E81AF800D44634 /* AFHTTPRequestOperationManager.m */ = {isa = PBXFileReference; fileEncoding = 4; lastKnownFileType = sourcecode.c.objc; path = AFHTTPRequestOperationManager.m; sourceTree = "<group>"; };
		7568F4F018E81AF800D44634 /* AFHTTPSessionManager.h */ = {isa = PBXFileReference; fileEncoding = 4; lastKnownFileType = sourcecode.c.h; path = AFHTTPSessionManager.h; sourceTree = "<group>"; };
		7568F4F118E81AF800D44634 /* AFHTTPSessionManager.m */ = {isa = PBXFileReference; fileEncoding = 4; lastKnownFileType = sourcecode.c.objc; path = AFHTTPSessionManager.m; sourceTree = "<group>"; };
		7568F4F218E81AF800D44634 /* AFNetworking.h */ = {isa = PBXFileReference; fileEncoding = 4; lastKnownFileType = sourcecode.c.h; path = AFNetworking.h; sourceTree = "<group>"; };
		7568F4F318E81AF800D44634 /* AFNetworkReachabilityManager.h */ = {isa = PBXFileReference; fileEncoding = 4; lastKnownFileType = sourcecode.c.h; path = AFNetworkReachabilityManager.h; sourceTree = "<group>"; };
		7568F4F418E81AF800D44634 /* AFNetworkReachabilityManager.m */ = {isa = PBXFileReference; fileEncoding = 4; lastKnownFileType = sourcecode.c.objc; path = AFNetworkReachabilityManager.m; sourceTree = "<group>"; };
		7568F4F518E81AF800D44634 /* AFSecurityPolicy.h */ = {isa = PBXFileReference; fileEncoding = 4; lastKnownFileType = sourcecode.c.h; path = AFSecurityPolicy.h; sourceTree = "<group>"; };
		7568F4F618E81AF800D44634 /* AFSecurityPolicy.m */ = {isa = PBXFileReference; fileEncoding = 4; lastKnownFileType = sourcecode.c.objc; path = AFSecurityPolicy.m; sourceTree = "<group>"; };
		7568F4F718E81AF800D44634 /* AFURLConnectionOperation.h */ = {isa = PBXFileReference; fileEncoding = 4; lastKnownFileType = sourcecode.c.h; path = AFURLConnectionOperation.h; sourceTree = "<group>"; };
		7568F4F818E81AF800D44634 /* AFURLConnectionOperation.m */ = {isa = PBXFileReference; fileEncoding = 4; lastKnownFileType = sourcecode.c.objc; path = AFURLConnectionOperation.m; sourceTree = "<group>"; };
		7568F4F918E81AF800D44634 /* AFURLRequestSerialization.h */ = {isa = PBXFileReference; fileEncoding = 4; lastKnownFileType = sourcecode.c.h; path = AFURLRequestSerialization.h; sourceTree = "<group>"; };
		7568F4FA18E81AF800D44634 /* AFURLRequestSerialization.m */ = {isa = PBXFileReference; fileEncoding = 4; lastKnownFileType = sourcecode.c.objc; path = AFURLRequestSerialization.m; sourceTree = "<group>"; };
		7568F4FB18E81AF800D44634 /* AFURLResponseSerialization.h */ = {isa = PBXFileReference; fileEncoding = 4; lastKnownFileType = sourcecode.c.h; path = AFURLResponseSerialization.h; sourceTree = "<group>"; };
		7568F4FC18E81AF800D44634 /* AFURLResponseSerialization.m */ = {isa = PBXFileReference; fileEncoding = 4; lastKnownFileType = sourcecode.c.objc; path = AFURLResponseSerialization.m; sourceTree = "<group>"; };
		7568F4FD18E81AF800D44634 /* AFURLSessionManager.h */ = {isa = PBXFileReference; fileEncoding = 4; lastKnownFileType = sourcecode.c.h; path = AFURLSessionManager.h; sourceTree = "<group>"; };
		7568F4FE18E81AF800D44634 /* AFURLSessionManager.m */ = {isa = PBXFileReference; fileEncoding = 4; lastKnownFileType = sourcecode.c.objc; path = AFURLSessionManager.m; sourceTree = "<group>"; };
		7568F50018E81AF800D44634 /* sendgrid.h */ = {isa = PBXFileReference; fileEncoding = 4; lastKnownFileType = sourcecode.c.h; path = sendgrid.h; sourceTree = "<group>"; };
		7568F50118E81AF800D44634 /* sendgrid.m */ = {isa = PBXFileReference; fileEncoding = 4; lastKnownFileType = sourcecode.c.objc; path = sendgrid.m; sourceTree = "<group>"; };
		E569012818E82F0F00138C85 /* HistoryTableViewController.h */ = {isa = PBXFileReference; fileEncoding = 4; lastKnownFileType = sourcecode.c.h; path = HistoryTableViewController.h; sourceTree = "<group>"; };
		E569012918E82F0F00138C85 /* HistoryTableViewController.m */ = {isa = PBXFileReference; fileEncoding = 4; lastKnownFileType = sourcecode.c.objc; path = HistoryTableViewController.m; sourceTree = "<group>"; };
		E5E1C25018E66A08007CC6E6 /* HackPrinceton.app */ = {isa = PBXFileReference; explicitFileType = wrapper.application; includeInIndex = 0; path = HackPrinceton.app; sourceTree = BUILT_PRODUCTS_DIR; };
		E5E1C25318E66A08007CC6E6 /* Foundation.framework */ = {isa = PBXFileReference; lastKnownFileType = wrapper.framework; name = Foundation.framework; path = System/Library/Frameworks/Foundation.framework; sourceTree = SDKROOT; };
		E5E1C25518E66A08007CC6E6 /* CoreGraphics.framework */ = {isa = PBXFileReference; lastKnownFileType = wrapper.framework; name = CoreGraphics.framework; path = System/Library/Frameworks/CoreGraphics.framework; sourceTree = SDKROOT; };
		E5E1C25718E66A08007CC6E6 /* UIKit.framework */ = {isa = PBXFileReference; lastKnownFileType = wrapper.framework; name = UIKit.framework; path = System/Library/Frameworks/UIKit.framework; sourceTree = SDKROOT; };
		E5E1C25B18E66A08007CC6E6 /* HackPrinceton-Info.plist */ = {isa = PBXFileReference; lastKnownFileType = text.plist.xml; path = "HackPrinceton-Info.plist"; sourceTree = "<group>"; };
		E5E1C25D18E66A08007CC6E6 /* en */ = {isa = PBXFileReference; lastKnownFileType = text.plist.strings; name = en; path = en.lproj/InfoPlist.strings; sourceTree = "<group>"; };
		E5E1C25F18E66A08007CC6E6 /* main.m */ = {isa = PBXFileReference; lastKnownFileType = sourcecode.c.objc; path = main.m; sourceTree = "<group>"; };
		E5E1C26118E66A08007CC6E6 /* HackPrinceton-Prefix.pch */ = {isa = PBXFileReference; lastKnownFileType = sourcecode.c.h; path = "HackPrinceton-Prefix.pch"; sourceTree = "<group>"; };
		E5E1C26218E66A08007CC6E6 /* AppDelegate.h */ = {isa = PBXFileReference; lastKnownFileType = sourcecode.c.h; path = AppDelegate.h; sourceTree = "<group>"; };
		E5E1C26318E66A08007CC6E6 /* AppDelegate.m */ = {isa = PBXFileReference; lastKnownFileType = sourcecode.c.objc; path = AppDelegate.m; sourceTree = "<group>"; };
		E5E1C26518E66A08007CC6E6 /* Images.xcassets */ = {isa = PBXFileReference; lastKnownFileType = folder.assetcatalog; path = Images.xcassets; sourceTree = "<group>"; };
		E5E1C26B18E66A08007CC6E6 /* HackPrincetonTests.xctest */ = {isa = PBXFileReference; explicitFileType = wrapper.cfbundle; includeInIndex = 0; path = HackPrincetonTests.xctest; sourceTree = BUILT_PRODUCTS_DIR; };
		E5E1C26C18E66A08007CC6E6 /* XCTest.framework */ = {isa = PBXFileReference; lastKnownFileType = wrapper.framework; name = XCTest.framework; path = Library/Frameworks/XCTest.framework; sourceTree = DEVELOPER_DIR; };
		E5E1C27418E66A08007CC6E6 /* HackPrincetonTests-Info.plist */ = {isa = PBXFileReference; lastKnownFileType = text.plist.xml; path = "HackPrincetonTests-Info.plist"; sourceTree = "<group>"; };
		E5E1C27618E66A08007CC6E6 /* en */ = {isa = PBXFileReference; lastKnownFileType = text.plist.strings; name = en; path = en.lproj/InfoPlist.strings; sourceTree = "<group>"; };
		E5E1C27818E66A08007CC6E6 /* HackPrincetonTests.m */ = {isa = PBXFileReference; lastKnownFileType = sourcecode.c.objc; path = HackPrincetonTests.m; sourceTree = "<group>"; };
		E5E1C28218E6706C007CC6E6 /* Main.storyboard */ = {isa = PBXFileReference; fileEncoding = 4; lastKnownFileType = file.storyboard; path = Main.storyboard; sourceTree = "<group>"; };
		E5E1C28418E6790E007CC6E6 /* Parse.framework */ = {isa = PBXFileReference; lastKnownFileType = wrapper.framework; path = Parse.framework; sourceTree = "<group>"; };
		E5E1C28618E67976007CC6E6 /* AudioToolbox.framework */ = {isa = PBXFileReference; lastKnownFileType = wrapper.framework; name = AudioToolbox.framework; path = System/Library/Frameworks/AudioToolbox.framework; sourceTree = SDKROOT; };
		E5E1C28818E6797D007CC6E6 /* CFNetwork.framework */ = {isa = PBXFileReference; lastKnownFileType = wrapper.framework; name = CFNetwork.framework; path = System/Library/Frameworks/CFNetwork.framework; sourceTree = SDKROOT; };
		E5E1C28A18E6798D007CC6E6 /* CoreLocation.framework */ = {isa = PBXFileReference; lastKnownFileType = wrapper.framework; name = CoreLocation.framework; path = System/Library/Frameworks/CoreLocation.framework; sourceTree = SDKROOT; };
		E5E1C28C18E67995007CC6E6 /* libz.dylib */ = {isa = PBXFileReference; lastKnownFileType = "compiled.mach-o.dylib"; name = libz.dylib; path = usr/lib/libz.dylib; sourceTree = SDKROOT; };
		E5E1C28E18E6799D007CC6E6 /* MobileCoreServices.framework */ = {isa = PBXFileReference; lastKnownFileType = wrapper.framework; name = MobileCoreServices.framework; path = System/Library/Frameworks/MobileCoreServices.framework; sourceTree = SDKROOT; };
		E5E1C29018E679A5007CC6E6 /* QuartzCore.framework */ = {isa = PBXFileReference; lastKnownFileType = wrapper.framework; name = QuartzCore.framework; path = System/Library/Frameworks/QuartzCore.framework; sourceTree = SDKROOT; };
		E5E1C29218E679AB007CC6E6 /* Security.framework */ = {isa = PBXFileReference; lastKnownFileType = wrapper.framework; name = Security.framework; path = System/Library/Frameworks/Security.framework; sourceTree = SDKROOT; };
		E5E1C29418E679B1007CC6E6 /* StoreKit.framework */ = {isa = PBXFileReference; lastKnownFileType = wrapper.framework; name = StoreKit.framework; path = System/Library/Frameworks/StoreKit.framework; sourceTree = SDKROOT; };
		E5E1C29618E679BA007CC6E6 /* SystemConfiguration.framework */ = {isa = PBXFileReference; lastKnownFileType = wrapper.framework; name = SystemConfiguration.framework; path = System/Library/Frameworks/SystemConfiguration.framework; sourceTree = SDKROOT; };
		E5E1C29818E67D3C007CC6E6 /* RegisterViewController.h */ = {isa = PBXFileReference; fileEncoding = 4; lastKnownFileType = sourcecode.c.h; path = RegisterViewController.h; sourceTree = "<group>"; };
		E5E1C29918E67D3C007CC6E6 /* RegisterViewController.m */ = {isa = PBXFileReference; fileEncoding = 4; lastKnownFileType = sourcecode.c.objc; path = RegisterViewController.m; sourceTree = "<group>"; };
		E5E1C29B18E6A1E0007CC6E6 /* EditProfileViewController.h */ = {isa = PBXFileReference; fileEncoding = 4; lastKnownFileType = sourcecode.c.h; path = EditProfileViewController.h; sourceTree = "<group>"; };
		E5E1C29C18E6A1E1007CC6E6 /* EditProfileViewController.m */ = {isa = PBXFileReference; fileEncoding = 4; lastKnownFileType = sourcecode.c.objc; path = EditProfileViewController.m; sourceTree = "<group>"; };
		E5E1C29E18E6A31E007CC6E6 /* LoginViewController.h */ = {isa = PBXFileReference; fileEncoding = 4; lastKnownFileType = sourcecode.c.h; path = LoginViewController.h; sourceTree = "<group>"; };
		E5E1C29F18E6A31E007CC6E6 /* LoginViewController.m */ = {isa = PBXFileReference; fileEncoding = 4; lastKnownFileType = sourcecode.c.objc; path = LoginViewController.m; sourceTree = "<group>"; };
		E5E1C2A118E6A980007CC6E6 /* libz.1.1.3.dylib */ = {isa = PBXFileReference; lastKnownFileType = "compiled.mach-o.dylib"; name = libz.1.1.3.dylib; path = usr/lib/libz.1.1.3.dylib; sourceTree = SDKROOT; };
		E5E1C2BD18E77F02007CC6E6 /* MyTableController.h */ = {isa = PBXFileReference; fileEncoding = 4; lastKnownFileType = sourcecode.c.h; path = MyTableController.h; sourceTree = "<group>"; };
		E5E1C2BE18E77F02007CC6E6 /* MyTableController.m */ = {isa = PBXFileReference; fileEncoding = 4; lastKnownFileType = sourcecode.c.objc; path = MyTableController.m; sourceTree = "<group>"; };
		E5E1C2C018E7E471007CC6E6 /* SimpleTableViewController.h */ = {isa = PBXFileReference; fileEncoding = 4; lastKnownFileType = sourcecode.c.h; path = SimpleTableViewController.h; sourceTree = "<group>"; };
		E5E1C2C118E7E471007CC6E6 /* SimpleTableViewController.m */ = {isa = PBXFileReference; fileEncoding = 4; lastKnownFileType = sourcecode.c.objc; path = SimpleTableViewController.m; sourceTree = "<group>"; };
		E5E1C2C318E7F9A8007CC6E6 /* CanvasViewController.h */ = {isa = PBXFileReference; fileEncoding = 4; lastKnownFileType = sourcecode.c.h; path = CanvasViewController.h; sourceTree = "<group>"; };
		E5E1C2C418E7F9A8007CC6E6 /* CanvasViewController.m */ = {isa = PBXFileReference; fileEncoding = 4; lastKnownFileType = sourcecode.c.objc; path = CanvasViewController.m; sourceTree = "<group>"; };
		E5E1C2C718E7FA16007CC6E6 /* ACEDrawingTools.h */ = {isa = PBXFileReference; fileEncoding = 4; lastKnownFileType = sourcecode.c.h; path = ACEDrawingTools.h; sourceTree = "<group>"; };
		E5E1C2C818E7FA16007CC6E6 /* ACEDrawingTools.m */ = {isa = PBXFileReference; fileEncoding = 4; lastKnownFileType = sourcecode.c.objc; path = ACEDrawingTools.m; sourceTree = "<group>"; };
		E5E1C2C918E7FA16007CC6E6 /* ACEDrawingView.h */ = {isa = PBXFileReference; fileEncoding = 4; lastKnownFileType = sourcecode.c.h; path = ACEDrawingView.h; sourceTree = "<group>"; };
		E5E1C2CA18E7FA16007CC6E6 /* ACEDrawingView.m */ = {isa = PBXFileReference; fileEncoding = 4; lastKnownFileType = sourcecode.c.objc; path = ACEDrawingView.m; sourceTree = "<group>"; };
		E5E1C2CE18E7FAC7007CC6E6 /* alpha.png */ = {isa = PBXFileReference; lastKnownFileType = image.png; path = alpha.png; sourceTree = "<group>"; };
		E5E1C2CF18E7FAC7007CC6E6 /* br_next.png */ = {isa = PBXFileReference; lastKnownFileType = image.png; path = br_next.png; sourceTree = "<group>"; };
		E5E1C2D018E7FAC7007CC6E6 /* br_prev.png */ = {isa = PBXFileReference; lastKnownFileType = image.png; path = br_prev.png; sourceTree = "<group>"; };
		E5E1C2D118E7FAC7007CC6E6 /* brain.png */ = {isa = PBXFileReference; lastKnownFileType = image.png; path = brain.png; sourceTree = "<group>"; };
		E5E1C2D218E7FAC7007CC6E6 /* cc.png */ = {isa = PBXFileReference; lastKnownFileType = image.png; path = cc.png; sourceTree = "<group>"; };
		E5E1C2D318E7FAC7007CC6E6 /* colour_picker.png */ = {isa = PBXFileReference; lastKnownFileType = image.png; path = colour_picker.png; sourceTree = "<group>"; };
		E5E1C2D418E7FAC7007CC6E6 /* contact.png */ = {isa = PBXFileReference; lastKnownFileType = image.png; path = contact.png; sourceTree = "<group>"; };
		E5E1C2D518E7FAC7007CC6E6 /* ellipse_unfilled.png */ = {isa = PBXFileReference; lastKnownFileType = image.png; path = ellipse_unfilled.png; sourceTree = "<group>"; };
		E5E1C2D618E7FAC7007CC6E6 /* ellipse.png */ = {isa = PBXFileReference; lastKnownFileType = image.png; path = ellipse.png; sourceTree = "<group>"; };
		E5E1C2D718E7FAC7007CC6E6 /* email.png */ = {isa = PBXFileReference; lastKnownFileType = image.png; path = email.png; sourceTree = "<group>"; };
		E5E1C2D818E7FAC7007CC6E6 /* eraser.png */ = {isa = PBXFileReference; lastKnownFileType = image.png; path = eraser.png; sourceTree = "<group>"; };
		E5E1C2D918E7FAC7007CC6E6 /* floppy_disk.png */ = {isa = PBXFileReference; lastKnownFileType = image.png; path = floppy_disk.png; sourceTree = "<group>"; };
		E5E1C2DA18E7FAC7007CC6E6 /* gnome_media_record.png */ = {isa = PBXFileReference; lastKnownFileType = image.png; path = gnome_media_record.png; sourceTree = "<group>"; };
		E5E1C2DB18E7FAC7007CC6E6 /* layer_transparent.png */ = {isa = PBXFileReference; lastKnownFileType = image.png; path = layer_transparent.png; sourceTree = "<group>"; };
		E5E1C2DC18E7FAC7007CC6E6 /* line_width.png */ = {isa = PBXFileReference; lastKnownFileType = image.png; path = line_width.png; sourceTree = "<group>"; };
		E5E1C2DD18E7FAC7007CC6E6 /* line.png */ = {isa = PBXFileReference; lastKnownFileType = image.png; path = line.png; sourceTree = "<group>"; };
		E5E1C2DE18E7FAC7007CC6E6 /* media_play.png */ = {isa = PBXFileReference; lastKnownFileType = image.png; path = media_play.png; sourceTree = "<group>"; };
		E5E1C2DF18E7FAC7007CC6E6 /* media_record.png */ = {isa = PBXFileReference; lastKnownFileType = image.png; path = media_record.png; sourceTree = "<group>"; };
		E5E1C2E018E7FAC7007CC6E6 /* media_stop.png */ = {isa = PBXFileReference; lastKnownFileType = image.png; path = media_stop.png; sourceTree = "<group>"; };
		E5E1C2E118E7FAC7007CC6E6 /* menu.png */ = {isa = PBXFileReference; lastKnownFileType = image.png; path = menu.png; sourceTree = "<group>"; };
		E5E1C2E218E7FAC7007CC6E6 /* pause.png */ = {isa = PBXFileReference; lastKnownFileType = image.png; path = pause.png; sourceTree = "<group>"; };
		E5E1C2E318E7FAC7007CC6E6 /* pencil.png */ = {isa = PBXFileReference; lastKnownFileType = image.png; path = pencil.png; sourceTree = "<group>"; };
		E5E1C2E418E7FAC7007CC6E6 /* photo.png */ = {isa = PBXFileReference; lastKnownFileType = image.png; path = photo.png; sourceTree = "<group>"; };
		E5E1C2E518E7FAC7007CC6E6 /* plus.png */ = {isa = PBXFileReference; lastKnownFileType = image.png; path = plus.png; sourceTree = "<group>"; };
		E5E1C2E618E7FAC7007CC6E6 /* rectangle_unfilled.png */ = {isa = PBXFileReference; lastKnownFileType = image.png; path = rectangle_unfilled.png; sourceTree = "<group>"; };
		E5E1C2E718E7FAC7007CC6E6 /* rectangle.png */ = {isa = PBXFileReference; lastKnownFileType = image.png; path = rectangle.png; sourceTree = "<group>"; };
		E5E1C2E818E7FAC7007CC6E6 /* redo.png */ = {isa = PBXFileReference; lastKnownFileType = image.png; path = redo.png; sourceTree = "<group>"; };
		E5E1C2E918E7FAC7007CC6E6 /* rotate.png */ = {isa = PBXFileReference; lastKnownFileType = image.png; path = rotate.png; sourceTree = "<group>"; };
		E5E1C2EA18E7FAC7007CC6E6 /* round_checkmark.png */ = {isa = PBXFileReference; lastKnownFileType = image.png; path = round_checkmark.png; sourceTree = "<group>"; };
		E5E1C2EB18E7FAC7007CC6E6 /* round_minus.png */ = {isa = PBXFileReference; lastKnownFileType = image.png; path = round_minus.png; sourceTree = "<group>"; };
		E5E1C2EC18E7FAC7007CC6E6 /* save_file.png */ = {isa = PBXFileReference; lastKnownFileType = image.png; path = save_file.png; sourceTree = "<group>"; };
		E5E1C2ED18E7FAC7007CC6E6 /* sound.png */ = {isa = PBXFileReference; lastKnownFileType = image.png; path = sound.png; sourceTree = "<group>"; };
		E5E1C2EE18E7FAC7007CC6E6 /* stop.png */ = {isa = PBXFileReference; lastKnownFileType = image.png; path = stop.png; sourceTree = "<group>"; };
		E5E1C2EF18E7FAC7007CC6E6 /* undo.png */ = {isa = PBXFileReference; lastKnownFileType = image.png; path = undo.png; sourceTree = "<group>"; };
/* End PBXFileReference section */

/* Begin PBXFrameworksBuildPhase section */
		E5E1C24D18E66A08007CC6E6 /* Frameworks */ = {
			isa = PBXFrameworksBuildPhase;
			buildActionMask = 2147483647;
			files = (
				7568F50C18E82A9F00D44634 /* Parse.framework in Frameworks */,
				E5E1C2A218E6A980007CC6E6 /* libz.1.1.3.dylib in Frameworks */,
				E5E1C29718E679BA007CC6E6 /* SystemConfiguration.framework in Frameworks */,
				E5E1C29518E679B1007CC6E6 /* StoreKit.framework in Frameworks */,
				E5E1C29318E679AB007CC6E6 /* Security.framework in Frameworks */,
				E5E1C29118E679A5007CC6E6 /* QuartzCore.framework in Frameworks */,
				E5E1C28F18E6799D007CC6E6 /* MobileCoreServices.framework in Frameworks */,
				E5E1C28D18E67995007CC6E6 /* libz.dylib in Frameworks */,
				E5E1C28B18E6798D007CC6E6 /* CoreLocation.framework in Frameworks */,
				E5E1C25618E66A08007CC6E6 /* CoreGraphics.framework in Frameworks */,
				E5E1C28918E6797D007CC6E6 /* CFNetwork.framework in Frameworks */,
				E5E1C28718E67976007CC6E6 /* AudioToolbox.framework in Frameworks */,
				E5E1C25818E66A08007CC6E6 /* UIKit.framework in Frameworks */,
				E5E1C25418E66A08007CC6E6 /* Foundation.framework in Frameworks */,
			);
			runOnlyForDeploymentPostprocessing = 0;
		};
		E5E1C26818E66A08007CC6E6 /* Frameworks */ = {
			isa = PBXFrameworksBuildPhase;
			buildActionMask = 2147483647;
			files = (
				E5E1C26D18E66A08007CC6E6 /* XCTest.framework in Frameworks */,
				E5E1C26F18E66A08007CC6E6 /* UIKit.framework in Frameworks */,
				E5E1C26E18E66A08007CC6E6 /* Foundation.framework in Frameworks */,
			);
			runOnlyForDeploymentPostprocessing = 0;
		};
/* End PBXFrameworksBuildPhase section */

/* Begin PBXGroup section */
		7568F4EB18E81AF800D44634 /* AFNetworking */ = {
			isa = PBXGroup;
			children = (
				7568F4EC18E81AF800D44634 /* AFHTTPRequestOperation.h */,
				7568F4ED18E81AF800D44634 /* AFHTTPRequestOperation.m */,
				7568F4EE18E81AF800D44634 /* AFHTTPRequestOperationManager.h */,
				7568F4EF18E81AF800D44634 /* AFHTTPRequestOperationManager.m */,
				7568F4F018E81AF800D44634 /* AFHTTPSessionManager.h */,
				7568F4F118E81AF800D44634 /* AFHTTPSessionManager.m */,
				7568F4F218E81AF800D44634 /* AFNetworking.h */,
				7568F4F318E81AF800D44634 /* AFNetworkReachabilityManager.h */,
				7568F4F418E81AF800D44634 /* AFNetworkReachabilityManager.m */,
				7568F4F518E81AF800D44634 /* AFSecurityPolicy.h */,
				7568F4F618E81AF800D44634 /* AFSecurityPolicy.m */,
				7568F4F718E81AF800D44634 /* AFURLConnectionOperation.h */,
				7568F4F818E81AF800D44634 /* AFURLConnectionOperation.m */,
				7568F4F918E81AF800D44634 /* AFURLRequestSerialization.h */,
				7568F4FA18E81AF800D44634 /* AFURLRequestSerialization.m */,
				7568F4FB18E81AF800D44634 /* AFURLResponseSerialization.h */,
				7568F4FC18E81AF800D44634 /* AFURLResponseSerialization.m */,
				7568F4FD18E81AF800D44634 /* AFURLSessionManager.h */,
				7568F4FE18E81AF800D44634 /* AFURLSessionManager.m */,
			);
			path = AFNetworking;
			sourceTree = "<group>";
		};
		7568F4FF18E81AF800D44634 /* Classes */ = {
			isa = PBXGroup;
			children = (
				7568F50018E81AF800D44634 /* sendgrid.h */,
				7568F50118E81AF800D44634 /* sendgrid.m */,
			);
			path = Classes;
			sourceTree = "<group>";
		};
		E5E1C24718E66A08007CC6E6 = {
			isa = PBXGroup;
			children = (
				E5E1C25918E66A08007CC6E6 /* HackPrinceton */,
				E5E1C27218E66A08007CC6E6 /* HackPrincetonTests */,
				E5E1C25218E66A08007CC6E6 /* Frameworks */,
				E5E1C25118E66A08007CC6E6 /* Products */,
			);
			sourceTree = "<group>";
		};
		E5E1C25118E66A08007CC6E6 /* Products */ = {
			isa = PBXGroup;
			children = (
				E5E1C25018E66A08007CC6E6 /* HackPrinceton.app */,
				E5E1C26B18E66A08007CC6E6 /* HackPrincetonTests.xctest */,
			);
			name = Products;
			sourceTree = "<group>";
		};
		E5E1C25218E66A08007CC6E6 /* Frameworks */ = {
			isa = PBXGroup;
			children = (
				7522C24418E8029E00A8F496 /* Parse.framework */,
				E5E1C2A118E6A980007CC6E6 /* libz.1.1.3.dylib */,
				E5E1C29618E679BA007CC6E6 /* SystemConfiguration.framework */,
				E5E1C29418E679B1007CC6E6 /* StoreKit.framework */,
				E5E1C29218E679AB007CC6E6 /* Security.framework */,
				E5E1C29018E679A5007CC6E6 /* QuartzCore.framework */,
				E5E1C28E18E6799D007CC6E6 /* MobileCoreServices.framework */,
				E5E1C28C18E67995007CC6E6 /* libz.dylib */,
				E5E1C28A18E6798D007CC6E6 /* CoreLocation.framework */,
				E5E1C28818E6797D007CC6E6 /* CFNetwork.framework */,
				E5E1C28618E67976007CC6E6 /* AudioToolbox.framework */,
				E5E1C28418E6790E007CC6E6 /* Parse.framework */,
				E5E1C25318E66A08007CC6E6 /* Foundation.framework */,
				E5E1C25518E66A08007CC6E6 /* CoreGraphics.framework */,
				E5E1C25718E66A08007CC6E6 /* UIKit.framework */,
				E5E1C26C18E66A08007CC6E6 /* XCTest.framework */,
			);
			name = Frameworks;
			sourceTree = "<group>";
		};
		E5E1C25918E66A08007CC6E6 /* HackPrinceton */ = {
			isa = PBXGroup;
			children = (
				E569012818E82F0F00138C85 /* HistoryTableViewController.h */,
				E569012918E82F0F00138C85 /* HistoryTableViewController.m */,
				7568F4EB18E81AF800D44634 /* AFNetworking */,
				7568F4FF18E81AF800D44634 /* Classes */,
				E5E1C2CD18E7FA9A007CC6E6 /* img */,
				E5E1C2C618E7FA16007CC6E6 /* ACEDrawingView */,
				E5E1C26218E66A08007CC6E6 /* AppDelegate.h */,
				E5E1C26318E66A08007CC6E6 /* AppDelegate.m */,
				E5E1C28218E6706C007CC6E6 /* Main.storyboard */,
				E5E1C2C318E7F9A8007CC6E6 /* CanvasViewController.h */,
				E5E1C2C418E7F9A8007CC6E6 /* CanvasViewController.m */,
				E5E1C2C018E7E471007CC6E6 /* SimpleTableViewController.h */,
				E5E1C2C118E7E471007CC6E6 /* SimpleTableViewController.m */,
				E5E1C29B18E6A1E0007CC6E6 /* EditProfileViewController.h */,
				E5E1C29C18E6A1E1007CC6E6 /* EditProfileViewController.m */,
				E5E1C29818E67D3C007CC6E6 /* RegisterViewController.h */,
				E5E1C29E18E6A31E007CC6E6 /* LoginViewController.h */,
				E5E1C29F18E6A31E007CC6E6 /* LoginViewController.m */,
				E5E1C29918E67D3C007CC6E6 /* RegisterViewController.m */,
				E5E1C26518E66A08007CC6E6 /* Images.xcassets */,
				E5E1C25A18E66A08007CC6E6 /* Supporting Files */,
			);
			path = HackPrinceton;
			sourceTree = "<group>";
		};
		E5E1C25A18E66A08007CC6E6 /* Supporting Files */ = {
			isa = PBXGroup;
			children = (
				E5E1C25B18E66A08007CC6E6 /* HackPrinceton-Info.plist */,
				E5E1C25C18E66A08007CC6E6 /* InfoPlist.strings */,
				E5E1C25F18E66A08007CC6E6 /* main.m */,
				E5E1C26118E66A08007CC6E6 /* HackPrinceton-Prefix.pch */,
				E5E1C2BD18E77F02007CC6E6 /* MyTableController.h */,
				E5E1C2BE18E77F02007CC6E6 /* MyTableController.m */,
			);
			name = "Supporting Files";
			sourceTree = "<group>";
		};
		E5E1C27218E66A08007CC6E6 /* HackPrincetonTests */ = {
			isa = PBXGroup;
			children = (
				E5E1C27818E66A08007CC6E6 /* HackPrincetonTests.m */,
				E5E1C27318E66A08007CC6E6 /* Supporting Files */,
			);
			path = HackPrincetonTests;
			sourceTree = "<group>";
		};
		E5E1C27318E66A08007CC6E6 /* Supporting Files */ = {
			isa = PBXGroup;
			children = (
				E5E1C27418E66A08007CC6E6 /* HackPrincetonTests-Info.plist */,
				E5E1C27518E66A08007CC6E6 /* InfoPlist.strings */,
			);
			name = "Supporting Files";
			sourceTree = "<group>";
		};
		E5E1C2C618E7FA16007CC6E6 /* ACEDrawingView */ = {
			isa = PBXGroup;
			children = (
				E5E1C2C718E7FA16007CC6E6 /* ACEDrawingTools.h */,
				E5E1C2C818E7FA16007CC6E6 /* ACEDrawingTools.m */,
				E5E1C2C918E7FA16007CC6E6 /* ACEDrawingView.h */,
				E5E1C2CA18E7FA16007CC6E6 /* ACEDrawingView.m */,
			);
			path = ACEDrawingView;
			sourceTree = "<group>";
		};
		E5E1C2CD18E7FA9A007CC6E6 /* img */ = {
			isa = PBXGroup;
			children = (
				E5E1C2CE18E7FAC7007CC6E6 /* alpha.png */,
				E5E1C2CF18E7FAC7007CC6E6 /* br_next.png */,
				E5E1C2D018E7FAC7007CC6E6 /* br_prev.png */,
				E5E1C2D118E7FAC7007CC6E6 /* brain.png */,
				E5E1C2D218E7FAC7007CC6E6 /* cc.png */,
				E5E1C2D318E7FAC7007CC6E6 /* colour_picker.png */,
				E5E1C2D418E7FAC7007CC6E6 /* contact.png */,
				E5E1C2D518E7FAC7007CC6E6 /* ellipse_unfilled.png */,
				E5E1C2D618E7FAC7007CC6E6 /* ellipse.png */,
				E5E1C2D718E7FAC7007CC6E6 /* email.png */,
				E5E1C2D818E7FAC7007CC6E6 /* eraser.png */,
				E5E1C2D918E7FAC7007CC6E6 /* floppy_disk.png */,
				E5E1C2DA18E7FAC7007CC6E6 /* gnome_media_record.png */,
				E5E1C2DB18E7FAC7007CC6E6 /* layer_transparent.png */,
				E5E1C2DC18E7FAC7007CC6E6 /* line_width.png */,
				E5E1C2DD18E7FAC7007CC6E6 /* line.png */,
				E5E1C2DE18E7FAC7007CC6E6 /* media_play.png */,
				E5E1C2DF18E7FAC7007CC6E6 /* media_record.png */,
				E5E1C2E018E7FAC7007CC6E6 /* media_stop.png */,
				E5E1C2E118E7FAC7007CC6E6 /* menu.png */,
				E5E1C2E218E7FAC7007CC6E6 /* pause.png */,
				E5E1C2E318E7FAC7007CC6E6 /* pencil.png */,
				E5E1C2E418E7FAC7007CC6E6 /* photo.png */,
				E5E1C2E518E7FAC7007CC6E6 /* plus.png */,
				E5E1C2E618E7FAC7007CC6E6 /* rectangle_unfilled.png */,
				E5E1C2E718E7FAC7007CC6E6 /* rectangle.png */,
				E5E1C2E818E7FAC7007CC6E6 /* redo.png */,
				E5E1C2E918E7FAC7007CC6E6 /* rotate.png */,
				E5E1C2EA18E7FAC7007CC6E6 /* round_checkmark.png */,
				E5E1C2EB18E7FAC7007CC6E6 /* round_minus.png */,
				E5E1C2EC18E7FAC7007CC6E6 /* save_file.png */,
				E5E1C2ED18E7FAC7007CC6E6 /* sound.png */,
				E5E1C2EE18E7FAC7007CC6E6 /* stop.png */,
				E5E1C2EF18E7FAC7007CC6E6 /* undo.png */,
			);
			name = img;
			sourceTree = "<group>";
		};
/* End PBXGroup section */

/* Begin PBXNativeTarget section */
		E5E1C24F18E66A08007CC6E6 /* HackPrinceton */ = {
			isa = PBXNativeTarget;
			buildConfigurationList = E5E1C27C18E66A08007CC6E6 /* Build configuration list for PBXNativeTarget "HackPrinceton" */;
			buildPhases = (
				E5E1C24C18E66A08007CC6E6 /* Sources */,
				E5E1C24D18E66A08007CC6E6 /* Frameworks */,
				E5E1C24E18E66A08007CC6E6 /* Resources */,
			);
			buildRules = (
			);
			dependencies = (
			);
			name = HackPrinceton;
			productName = HackPrinceton;
			productReference = E5E1C25018E66A08007CC6E6 /* HackPrinceton.app */;
			productType = "com.apple.product-type.application";
		};
		E5E1C26A18E66A08007CC6E6 /* HackPrincetonTests */ = {
			isa = PBXNativeTarget;
			buildConfigurationList = E5E1C27F18E66A08007CC6E6 /* Build configuration list for PBXNativeTarget "HackPrincetonTests" */;
			buildPhases = (
				E5E1C26718E66A08007CC6E6 /* Sources */,
				E5E1C26818E66A08007CC6E6 /* Frameworks */,
				E5E1C26918E66A08007CC6E6 /* Resources */,
			);
			buildRules = (
			);
			dependencies = (
				E5E1C27118E66A08007CC6E6 /* PBXTargetDependency */,
			);
			name = HackPrincetonTests;
			productName = HackPrincetonTests;
			productReference = E5E1C26B18E66A08007CC6E6 /* HackPrincetonTests.xctest */;
			productType = "com.apple.product-type.bundle.unit-test";
		};
/* End PBXNativeTarget section */

/* Begin PBXProject section */
		E5E1C24818E66A08007CC6E6 /* Project object */ = {
			isa = PBXProject;
			attributes = {
				LastUpgradeCheck = 0510;
				ORGANIZATIONNAME = "Huy Le";
				TargetAttributes = {
					E5E1C26A18E66A08007CC6E6 = {
						TestTargetID = E5E1C24F18E66A08007CC6E6;
					};
				};
			};
			buildConfigurationList = E5E1C24B18E66A08007CC6E6 /* Build configuration list for PBXProject "HackPrinceton" */;
			compatibilityVersion = "Xcode 3.2";
			developmentRegion = English;
			hasScannedForEncodings = 0;
			knownRegions = (
				en,
			);
			mainGroup = E5E1C24718E66A08007CC6E6;
			productRefGroup = E5E1C25118E66A08007CC6E6 /* Products */;
			projectDirPath = "";
			projectRoot = "";
			targets = (
				E5E1C24F18E66A08007CC6E6 /* HackPrinceton */,
				E5E1C26A18E66A08007CC6E6 /* HackPrincetonTests */,
			);
		};
/* End PBXProject section */

/* Begin PBXResourcesBuildPhase section */
		E5E1C24E18E66A08007CC6E6 /* Resources */ = {
			isa = PBXResourcesBuildPhase;
			buildActionMask = 2147483647;
			files = (
				E5E1C30818E7FAC7007CC6E6 /* rectangle_unfilled.png in Resources */,
				E5E1C2F818E7FAC7007CC6E6 /* ellipse.png in Resources */,
				E5E1C30E18E7FAC7007CC6E6 /* save_file.png in Resources */,
				E5E1C2FA18E7FAC7007CC6E6 /* eraser.png in Resources */,
				E5E1C30F18E7FAC7007CC6E6 /* sound.png in Resources */,
				E5E1C30718E7FAC7007CC6E6 /* plus.png in Resources */,
				E5E1C30618E7FAC7007CC6E6 /* photo.png in Resources */,
				E5E1C30418E7FAC7007CC6E6 /* pause.png in Resources */,
				E5E1C30B18E7FAC7007CC6E6 /* rotate.png in Resources */,
				E5E1C30318E7FAC7007CC6E6 /* menu.png in Resources */,
				E5E1C2F518E7FAC7007CC6E6 /* colour_picker.png in Resources */,
				E5E1C30D18E7FAC7007CC6E6 /* round_minus.png in Resources */,
				E5E1C2F218E7FAC7007CC6E6 /* br_prev.png in Resources */,
				E5E1C30218E7FAC7007CC6E6 /* media_stop.png in Resources */,
				E5E1C2F318E7FAC7007CC6E6 /* brain.png in Resources */,
				E5E1C30A18E7FAC7007CC6E6 /* redo.png in Resources */,
				E5E1C30918E7FAC7007CC6E6 /* rectangle.png in Resources */,
				E5E1C28318E6706C007CC6E6 /* Main.storyboard in Resources */,
				E5E1C30018E7FAC7007CC6E6 /* media_play.png in Resources */,
				E5E1C2FB18E7FAC7007CC6E6 /* floppy_disk.png in Resources */,
				E5E1C25E18E66A08007CC6E6 /* InfoPlist.strings in Resources */,
				E5E1C2F018E7FAC7007CC6E6 /* alpha.png in Resources */,
				E5E1C2F918E7FAC7007CC6E6 /* email.png in Resources */,
				E5E1C2F618E7FAC7007CC6E6 /* contact.png in Resources */,
				E5E1C2F118E7FAC7007CC6E6 /* br_next.png in Resources */,
				E5E1C30C18E7FAC7007CC6E6 /* round_checkmark.png in Resources */,
				E5E1C2FF18E7FAC7007CC6E6 /* line.png in Resources */,
				E5E1C30118E7FAC7007CC6E6 /* media_record.png in Resources */,
				E5E1C2FC18E7FAC7007CC6E6 /* gnome_media_record.png in Resources */,
				E5E1C31018E7FAC7007CC6E6 /* stop.png in Resources */,
				E5E1C2FD18E7FAC7007CC6E6 /* layer_transparent.png in Resources */,
				E5E1C30518E7FAC7007CC6E6 /* pencil.png in Resources */,
				E5E1C26618E66A08007CC6E6 /* Images.xcassets in Resources */,
				E5E1C2F718E7FAC7007CC6E6 /* ellipse_unfilled.png in Resources */,
				E5E1C31118E7FAC7007CC6E6 /* undo.png in Resources */,
				E5E1C2FE18E7FAC7007CC6E6 /* line_width.png in Resources */,
				E5E1C2F418E7FAC7007CC6E6 /* cc.png in Resources */,
			);
			runOnlyForDeploymentPostprocessing = 0;
		};
		E5E1C26918E66A08007CC6E6 /* Resources */ = {
			isa = PBXResourcesBuildPhase;
			buildActionMask = 2147483647;
			files = (
				E5E1C27718E66A08007CC6E6 /* InfoPlist.strings in Resources */,
			);
			runOnlyForDeploymentPostprocessing = 0;
		};
/* End PBXResourcesBuildPhase section */

/* Begin PBXSourcesBuildPhase section */
		E5E1C24C18E66A08007CC6E6 /* Sources */ = {
			isa = PBXSourcesBuildPhase;
			buildActionMask = 2147483647;
			files = (
				7568F50718E81AF800D44634 /* AFURLConnectionOperation.m in Sources */,
				E5E1C29D18E6A1E1007CC6E6 /* EditProfileViewController.m in Sources */,
				7568F50618E81AF800D44634 /* AFSecurityPolicy.m in Sources */,
				E5E1C26418E66A08007CC6E6 /* AppDelegate.m in Sources */,
				7568F50318E81AF800D44634 /* AFHTTPRequestOperationManager.m in Sources */,
				E5E1C2CB18E7FA16007CC6E6 /* ACEDrawingTools.m in Sources */,
				E5E1C29A18E67D3C007CC6E6 /* RegisterViewController.m in Sources */,
				E5E1C26018E66A08007CC6E6 /* main.m in Sources */,
				E5E1C2C518E7F9A8007CC6E6 /* CanvasViewController.m in Sources */,
				E569012A18E82F0F00138C85 /* HistoryTableViewController.m in Sources */,
				7568F50B18E81AF800D44634 /* sendgrid.m in Sources */,
				E5E1C2BF18E77F02007CC6E6 /* MyTableController.m in Sources */,
				7568F50A18E81AF800D44634 /* AFURLSessionManager.m in Sources */,
				7568F50918E81AF800D44634 /* AFURLResponseSerialization.m in Sources */,
				E5E1C2CC18E7FA16007CC6E6 /* ACEDrawingView.m in Sources */,
				E5E1C2A018E6A31E007CC6E6 /* LoginViewController.m in Sources */,
				7568F50818E81AF800D44634 /* AFURLRequestSerialization.m in Sources */,
				7568F50518E81AF800D44634 /* AFNetworkReachabilityManager.m in Sources */,
				E5E1C2C218E7E471007CC6E6 /* SimpleTableViewController.m in Sources */,
				7568F50218E81AF800D44634 /* AFHTTPRequestOperation.m in Sources */,
				7568F50418E81AF800D44634 /* AFHTTPSessionManager.m in Sources */,
			);
			runOnlyForDeploymentPostprocessing = 0;
		};
		E5E1C26718E66A08007CC6E6 /* Sources */ = {
			isa = PBXSourcesBuildPhase;
			buildActionMask = 2147483647;
			files = (
				E5E1C27918E66A08007CC6E6 /* HackPrincetonTests.m in Sources */,
			);
			runOnlyForDeploymentPostprocessing = 0;
		};
/* End PBXSourcesBuildPhase section */

/* Begin PBXTargetDependency section */
		E5E1C27118E66A08007CC6E6 /* PBXTargetDependency */ = {
			isa = PBXTargetDependency;
			target = E5E1C24F18E66A08007CC6E6 /* HackPrinceton */;
			targetProxy = E5E1C27018E66A08007CC6E6 /* PBXContainerItemProxy */;
		};
/* End PBXTargetDependency section */

/* Begin PBXVariantGroup section */
		E5E1C25C18E66A08007CC6E6 /* InfoPlist.strings */ = {
			isa = PBXVariantGroup;
			children = (
				E5E1C25D18E66A08007CC6E6 /* en */,
			);
			name = InfoPlist.strings;
			sourceTree = "<group>";
		};
		E5E1C27518E66A08007CC6E6 /* InfoPlist.strings */ = {
			isa = PBXVariantGroup;
			children = (
				E5E1C27618E66A08007CC6E6 /* en */,
			);
			name = InfoPlist.strings;
			sourceTree = "<group>";
		};
/* End PBXVariantGroup section */

/* Begin XCBuildConfiguration section */
		E5E1C27A18E66A08007CC6E6 /* Debug */ = {
			isa = XCBuildConfiguration;
			buildSettings = {
				ALWAYS_SEARCH_USER_PATHS = NO;
				CLANG_CXX_LANGUAGE_STANDARD = "gnu++0x";
				CLANG_CXX_LIBRARY = "libc++";
				CLANG_ENABLE_MODULES = YES;
				CLANG_ENABLE_OBJC_ARC = YES;
				CLANG_WARN_BOOL_CONVERSION = YES;
				CLANG_WARN_CONSTANT_CONVERSION = YES;
				CLANG_WARN_DIRECT_OBJC_ISA_USAGE = YES_ERROR;
				CLANG_WARN_EMPTY_BODY = YES;
				CLANG_WARN_ENUM_CONVERSION = YES;
				CLANG_WARN_INT_CONVERSION = YES;
				CLANG_WARN_OBJC_ROOT_CLASS = YES_ERROR;
				CLANG_WARN__DUPLICATE_METHOD_MATCH = YES;
				"CODE_SIGN_IDENTITY[sdk=iphoneos*]" = "iPhone Developer";
				COPY_PHASE_STRIP = NO;
				GCC_C_LANGUAGE_STANDARD = gnu99;
				GCC_DYNAMIC_NO_PIC = NO;
				GCC_OPTIMIZATION_LEVEL = 0;
				GCC_PREPROCESSOR_DEFINITIONS = (
					"DEBUG=1",
					"$(inherited)",
				);
				GCC_SYMBOLS_PRIVATE_EXTERN = NO;
				GCC_WARN_64_TO_32_BIT_CONVERSION = YES;
				GCC_WARN_ABOUT_RETURN_TYPE = YES_ERROR;
				GCC_WARN_UNDECLARED_SELECTOR = YES;
				GCC_WARN_UNINITIALIZED_AUTOS = YES;
				GCC_WARN_UNUSED_FUNCTION = YES;
				GCC_WARN_UNUSED_VARIABLE = YES;
				IPHONEOS_DEPLOYMENT_TARGET = 7.0;
				ONLY_ACTIVE_ARCH = YES;
				SDKROOT = iphoneos;
				TARGETED_DEVICE_FAMILY = "1,2";
			};
			name = Debug;
		};
		E5E1C27B18E66A08007CC6E6 /* Release */ = {
			isa = XCBuildConfiguration;
			buildSettings = {
				ALWAYS_SEARCH_USER_PATHS = NO;
				CLANG_CXX_LANGUAGE_STANDARD = "gnu++0x";
				CLANG_CXX_LIBRARY = "libc++";
				CLANG_ENABLE_MODULES = YES;
				CLANG_ENABLE_OBJC_ARC = YES;
				CLANG_WARN_BOOL_CONVERSION = YES;
				CLANG_WARN_CONSTANT_CONVERSION = YES;
				CLANG_WARN_DIRECT_OBJC_ISA_USAGE = YES_ERROR;
				CLANG_WARN_EMPTY_BODY = YES;
				CLANG_WARN_ENUM_CONVERSION = YES;
				CLANG_WARN_INT_CONVERSION = YES;
				CLANG_WARN_OBJC_ROOT_CLASS = YES_ERROR;
				CLANG_WARN__DUPLICATE_METHOD_MATCH = YES;
				"CODE_SIGN_IDENTITY[sdk=iphoneos*]" = "iPhone Developer";
				COPY_PHASE_STRIP = YES;
				ENABLE_NS_ASSERTIONS = NO;
				GCC_C_LANGUAGE_STANDARD = gnu99;
				GCC_WARN_64_TO_32_BIT_CONVERSION = YES;
				GCC_WARN_ABOUT_RETURN_TYPE = YES_ERROR;
				GCC_WARN_UNDECLARED_SELECTOR = YES;
				GCC_WARN_UNINITIALIZED_AUTOS = YES;
				GCC_WARN_UNUSED_FUNCTION = YES;
				GCC_WARN_UNUSED_VARIABLE = YES;
				IPHONEOS_DEPLOYMENT_TARGET = 7.0;
				SDKROOT = iphoneos;
				TARGETED_DEVICE_FAMILY = "1,2";
				VALIDATE_PRODUCT = YES;
			};
			name = Release;
		};
		E5E1C27D18E66A08007CC6E6 /* Debug */ = {
			isa = XCBuildConfiguration;
			buildSettings = {
				ASSETCATALOG_COMPILER_APPICON_NAME = AppIcon;
				ASSETCATALOG_COMPILER_LAUNCHIMAGE_NAME = LaunchImage;
				FRAMEWORK_SEARCH_PATHS = (
					"$(inherited)",
					/Users/huy/Documents/HackPrinceton,
					/Users/Jeremy_luo/Desktop,
				);
				GCC_PRECOMPILE_PREFIX_HEADER = YES;
				GCC_PREFIX_HEADER = "HackPrinceton/HackPrinceton-Prefix.pch";
				INFOPLIST_FILE = "HackPrinceton/HackPrinceton-Info.plist";
				PRODUCT_NAME = "$(TARGET_NAME)";
				TARGETED_DEVICE_FAMILY = 1;
				WRAPPER_EXTENSION = app;
			};
			name = Debug;
		};
		E5E1C27E18E66A08007CC6E6 /* Release */ = {
			isa = XCBuildConfiguration;
			buildSettings = {
				ASSETCATALOG_COMPILER_APPICON_NAME = AppIcon;
				ASSETCATALOG_COMPILER_LAUNCHIMAGE_NAME = LaunchImage;
				FRAMEWORK_SEARCH_PATHS = (
					"$(inherited)",
					/Users/huy/Documents/HackPrinceton,
					/Users/Jeremy_luo/Desktop,
				);
				GCC_PRECOMPILE_PREFIX_HEADER = YES;
				GCC_PREFIX_HEADER = "HackPrinceton/HackPrinceton-Prefix.pch";
				INFOPLIST_FILE = "HackPrinceton/HackPrinceton-Info.plist";
				PRODUCT_NAME = "$(TARGET_NAME)";
				TARGETED_DEVICE_FAMILY = 1;
				WRAPPER_EXTENSION = app;
			};
			name = Release;
		};
		E5E1C28018E66A08007CC6E6 /* Debug */ = {
			isa = XCBuildConfiguration;
			buildSettings = {
				BUNDLE_LOADER = "$(BUILT_PRODUCTS_DIR)/HackPrinceton.app/HackPrinceton";
				FRAMEWORK_SEARCH_PATHS = (
					"$(SDKROOT)/Developer/Library/Frameworks",
					"$(inherited)",
					"$(DEVELOPER_FRAMEWORKS_DIR)",
				);
				GCC_PRECOMPILE_PREFIX_HEADER = YES;
				GCC_PREFIX_HEADER = "HackPrinceton/HackPrinceton-Prefix.pch";
				GCC_PREPROCESSOR_DEFINITIONS = (
					"DEBUG=1",
					"$(inherited)",
				);
				INFOPLIST_FILE = "HackPrincetonTests/HackPrincetonTests-Info.plist";
				PRODUCT_NAME = "$(TARGET_NAME)";
				TEST_HOST = "$(BUNDLE_LOADER)";
				WRAPPER_EXTENSION = xctest;
			};
			name = Debug;
		};
		E5E1C28118E66A08007CC6E6 /* Release */ = {
			isa = XCBuildConfiguration;
			buildSettings = {
				BUNDLE_LOADER = "$(BUILT_PRODUCTS_DIR)/HackPrinceton.app/HackPrinceton";
				FRAMEWORK_SEARCH_PATHS = (
					"$(SDKROOT)/Developer/Library/Frameworks",
					"$(inherited)",
					"$(DEVELOPER_FRAMEWORKS_DIR)",
				);
				GCC_PRECOMPILE_PREFIX_HEADER = YES;
				GCC_PREFIX_HEADER = "HackPrinceton/HackPrinceton-Prefix.pch";
				INFOPLIST_FILE = "HackPrincetonTests/HackPrincetonTests-Info.plist";
				PRODUCT_NAME = "$(TARGET_NAME)";
				TEST_HOST = "$(BUNDLE_LOADER)";
				WRAPPER_EXTENSION = xctest;
			};
			name = Release;
		};
/* End XCBuildConfiguration section */

/* Begin XCConfigurationList section */
		E5E1C24B18E66A08007CC6E6 /* Build configuration list for PBXProject "HackPrinceton" */ = {
			isa = XCConfigurationList;
			buildConfigurations = (
				E5E1C27A18E66A08007CC6E6 /* Debug */,
				E5E1C27B18E66A08007CC6E6 /* Release */,
			);
			defaultConfigurationIsVisible = 0;
			defaultConfigurationName = Release;
		};
		E5E1C27C18E66A08007CC6E6 /* Build configuration list for PBXNativeTarget "HackPrinceton" */ = {
			isa = XCConfigurationList;
			buildConfigurations = (
				E5E1C27D18E66A08007CC6E6 /* Debug */,
				E5E1C27E18E66A08007CC6E6 /* Release */,
			);
			defaultConfigurationIsVisible = 0;
			defaultConfigurationName = Release;
		};
		E5E1C27F18E66A08007CC6E6 /* Build configuration list for PBXNativeTarget "HackPrincetonTests" */ = {
			isa = XCConfigurationList;
			buildConfigurations = (
				E5E1C28018E66A08007CC6E6 /* Debug */,
				E5E1C28118E66A08007CC6E6 /* Release */,
			);
			defaultConfigurationIsVisible = 0;
			defaultConfigurationName = Release;
		};
/* End XCConfigurationList section */
	};
	rootObject = E5E1C24818E66A08007CC6E6 /* Project object */;
}
